
Microsoft Visual Studio Solution File, Format Version 12.00
# Visual Studio 15
VisualStudioVersion = 15.0.28307.1209
MinimumVisualStudioVersion = 10.0.40219.1
Project("{FAE04EC0-301F-11D3-BF4B-00C04F79EFBC}") = "MultiMonitorGame", "MultiMonitorGame.csproj", "{98461B9B-B6DF-44E1-8DC1-D215DBB61D81}"
EndProject
Global
	GlobalSection(SolutionConfigurationPlatforms) = preSolution
		Debug|Any CPU = Debug|Any CPU
		Release|Any CPU = Release|Any CPU
	EndGlobalSection
	GlobalSection(ProjectConfigurationPlatforms) = postSolution
		{98461B9B-B6DF-44E1-8DC1-D215DBB61D81}.Debug|Any CPU.ActiveCfg = Debug|Any CPU
		{98461B9B-B6DF-44E1-8DC1-D215DBB61D81}.Debug|Any CPU.Build.0 = Debug|Any CPU
		{98461B9B-B6DF-44E1-8DC1-D215DBB61D81}.Release|Any CPU.ActiveCfg = Release|Any CPU
		{98461B9B-B6DF-44E1-8DC1-D215DBB61D81}.Release|Any CPU.Build.0 = Release|Any CPU
	EndGlobalSection
	GlobalSection(SolutionProperties) = preSolution
		HideSolutionNode = FALSE
	EndGlobalSection
	GlobalSection(ExtensibilityGlobals) = postSolution
		SolutionGuid = {E88BA2F7-FF51-4366-98F8-05892B2B282F}
	EndGlobalSection
EndGlobal
